
Microsoft Visual Studio Solution File, Format Version 12.00
# Visual Studio Version 17
VisualStudioVersion = 17.14.36301.6
MinimumVisualStudioVersion = 10.0.40219.1
Project("{2150E333-8FDC-42A3-9474-1A3956D46DE8}") = "Services", "Services", "{02EA681E-C7D8-13C7-8484-4AC65E1B71E8}"
EndProject
Project("{2150E333-8FDC-42A3-9474-1A3956D46DE8}") = "Catalog", "Catalog", "{573C30E5-BFFD-4FC2-800A-2DD641AB2EFF}"
EndProject
Project("{FAE04EC0-301F-11D3-BF4B-00C04F79EFBC}") = "Catalog.API", "Services\Catalog\Catalog.API\Catalog.API.csproj", "{B593D6B8-8168-44D2-9A56-3CA526A08B18}"
EndProject
Project("{2150E333-8FDC-42A3-9474-1A3956D46DE8}") = "BuildingBlocks", "BuildingBlocks", "{E8832D48-4FF1-43EE-9FB4-4823147BABE9}"
EndProject
Project("{FAE04EC0-301F-11D3-BF4B-00C04F79EFBC}") = "BuildingBlocks", "BuildingBlocks\BuildingBlocks\BuildingBlocks.csproj", "{41774735-CB4B-49E1-B594-F0D875B25CB8}"
EndProject
Project("{E53339B2-1760-4266-BCC7-CA923CBCF16C}") = "docker-compose", "docker-compose.dcproj", "{81DDED9D-158B-E303-5F62-77A2896D2A5A}"
EndProject
Project("{2150E333-8FDC-42A3-9474-1A3956D46DE8}") = "Basket", "Basket", "{947AD529-164B-44FB-B2E4-3FAC03E21908}"
EndProject
Project("{FAE04EC0-301F-11D3-BF4B-00C04F79EFBC}") = "Basket.API", "Services\Basket\Basket.API\Basket.API.csproj", "{EDCB9ED0-32BE-4C1E-B2DC-E771BDAAB8A7}"
EndProject
Global
	GlobalSection(SolutionConfigurationPlatforms) = preSolution
		Debug|Any CPU = Debug|Any CPU
		Release|Any CPU = Release|Any CPU
	EndGlobalSection
	GlobalSection(ProjectConfigurationPlatforms) = postSolution
		{B593D6B8-8168-44D2-9A56-3CA526A08B18}.Debug|Any CPU.ActiveCfg = Debug|Any CPU
		{B593D6B8-8168-44D2-9A56-3CA526A08B18}.Debug|Any CPU.Build.0 = Debug|Any CPU
		{B593D6B8-8168-44D2-9A56-3CA526A08B18}.Release|Any CPU.ActiveCfg = Release|Any CPU
		{B593D6B8-8168-44D2-9A56-3CA526A08B18}.Release|Any CPU.Build.0 = Release|Any CPU
		{41774735-CB4B-49E1-B594-F0D875B25CB8}.Debug|Any CPU.ActiveCfg = Debug|Any CPU
		{41774735-CB4B-49E1-B594-F0D875B25CB8}.Debug|Any CPU.Build.0 = Debug|Any CPU
		{41774735-CB4B-49E1-B594-F0D875B25CB8}.Release|Any CPU.ActiveCfg = Release|Any CPU
		{41774735-CB4B-49E1-B594-F0D875B25CB8}.Release|Any CPU.Build.0 = Release|Any CPU
		{81DDED9D-158B-E303-5F62-77A2896D2A5A}.Debug|Any CPU.ActiveCfg = Debug|Any CPU
		{81DDED9D-158B-E303-5F62-77A2896D2A5A}.Debug|Any CPU.Build.0 = Debug|Any CPU
		{81DDED9D-158B-E303-5F62-77A2896D2A5A}.Release|Any CPU.ActiveCfg = Release|Any CPU
		{81DDED9D-158B-E303-5F62-77A2896D2A5A}.Release|Any CPU.Build.0 = Release|Any CPU
		{EDCB9ED0-32BE-4C1E-B2DC-E771BDAAB8A7}.Debug|Any CPU.ActiveCfg = Debug|Any CPU
		{EDCB9ED0-32BE-4C1E-B2DC-E771BDAAB8A7}.Debug|Any CPU.Build.0 = Debug|Any CPU
		{EDCB9ED0-32BE-4C1E-B2DC-E771BDAAB8A7}.Release|Any CPU.ActiveCfg = Release|Any CPU
		{EDCB9ED0-32BE-4C1E-B2DC-E771BDAAB8A7}.Release|Any CPU.Build.0 = Release|Any CPU
	EndGlobalSection
	GlobalSection(SolutionProperties) = preSolution
		HideSolutionNode = FALSE
	EndGlobalSection
	GlobalSection(NestedProjects) = preSolution
		{573C30E5-BFFD-4FC2-800A-2DD641AB2EFF} = {02EA681E-C7D8-13C7-8484-4AC65E1B71E8}
		{B593D6B8-8168-44D2-9A56-3CA526A08B18} = {573C30E5-BFFD-4FC2-800A-2DD641AB2EFF}
		{41774735-CB4B-49E1-B594-F0D875B25CB8} = {E8832D48-4FF1-43EE-9FB4-4823147BABE9}
		{947AD529-164B-44FB-B2E4-3FAC03E21908} = {02EA681E-C7D8-13C7-8484-4AC65E1B71E8}
		{EDCB9ED0-32BE-4C1E-B2DC-E771BDAAB8A7} = {947AD529-164B-44FB-B2E4-3FAC03E21908}
	EndGlobalSection
	GlobalSection(ExtensibilityGlobals) = postSolution
		SolutionGuid = {C2535869-2B0E-4BEF-95F2-0D437F6D9BEB}
	EndGlobalSection
EndGlobal
